schema: '2.0'
stages:
  prepare:
    cmd: python src/preprocessing.py
    deps:
    - path: data/life_expectancy.csv
      hash: md5
      md5: 796c4bae5e20a09cbefe6a7cda09a20c
      size: 333442
    - path: src/preprocessing.py
      hash: md5
      md5: 71e321c2a8b8f078af48442733d39b1d
      size: 3289
    params:
      params.yaml:
        features.chi2percentile: 50
        features.data_path: data/life_expectancy.csv
    outs:
    - path: data/pipeline.pkl
      hash: md5
      md5: 338a169b79f59bf5d6da654f941d64cd
      size: 3483
    - path: data/processed_test_data.csv
      hash: md5
      md5: 22bccef92d300dcbed09cb0aa22fe2fa
      size: 226837
    - path: data/processed_train_data.csv
      hash: md5
      md5: 9f069a023931712d7f15eb30454e3fa8
      size: 913789
